// !$*UTF8*$!
{
	archiveVersion = 1;
	classes = {
	};
	objectVersion = 48;
	objects = {

/* Begin PBXBuildFile section */
		8700718420E76A1300DE90AE /* AppDelegate.swift in Sources */ = {isa = PBXBuildFile; fileRef = 8700718320E76A1300DE90AE /* AppDelegate.swift */; };
		8700718620E76A1300DE90AE /* DetailViewController.swift in Sources */ = {isa = PBXBuildFile; fileRef = 8700718520E76A1300DE90AE /* DetailViewController.swift */; };
		8700718920E76A1300DE90AE /* Main.storyboard in Resources */ = {isa = PBXBuildFile; fileRef = 8700718720E76A1300DE90AE /* Main.storyboard */; };
		8700718B20E76A1300DE90AE /* Assets.xcassets in Resources */ = {isa = PBXBuildFile; fileRef = 8700718A20E76A1300DE90AE /* Assets.xcassets */; };
		8700718E20E76A1300DE90AE /* LaunchScreen.storyboard in Resources */ = {isa = PBXBuildFile; fileRef = 8700718C20E76A1300DE90AE /* LaunchScreen.storyboard */; };
		8700719620E76A2900DE90AE /* TableViewController.swift in Sources */ = {isa = PBXBuildFile; fileRef = 8700719520E76A2900DE90AE /* TableViewController.swift */; };
/* End PBXBuildFile section */

/* Begin PBXFileReference section */
		8700718020E76A1300DE90AE /* TableView-NoData-Test2.app */ = {isa = PBXFileReference; explicitFileType = wrapper.application; includeInIndex = 0; path = "TableView-NoData-Test2.app"; sourceTree = BUILT_PRODUCTS_DIR; };
		8700718320E76A1300DE90AE /* AppDelegate.swift */ = {isa = PBXFileReference; lastKnownFileType = sourcecode.swift; path = AppDelegate.swift; sourceTree = "<group>"; };
		8700718520E76A1300DE90AE /* DetailViewController.swift */ = {isa = PBXFileReference; lastKnownFileType = sourcecode.swift; path = DetailViewController.swift; sourceTree = "<group>"; };
		8700718820E76A1300DE90AE /* Base */ = {isa = PBXFileReference; lastKnownFileType = file.storyboard; name = Base; path = Base.lproj/Main.storyboard; sourceTree = "<group>"; };
		8700718A20E76A1300DE90AE /* Assets.xcassets */ = {isa = PBXFileReference; lastKnownFileType = folder.assetcatalog; path = Assets.xcassets; sourceTree = "<group>"; };
		8700718D20E76A1300DE90AE /* Base */ = {isa = PBXFileReference; lastKnownFileType = file.storyboard; name = Base; path = Base.lproj/LaunchScreen.storyboard; sourceTree = "<group>"; };
		8700718F20E76A1300DE90AE /* Info.plist */ = {isa = PBXFileReference; lastKnownFileType = text.plist.xml; path = Info.plist; sourceTree = "<group>"; };
		8700719520E76A2900DE90AE /* TableViewController.swift */ = {isa = PBXFileReference; lastKnownFileType = sourcecode.swift; path = TableViewController.swift; sourceTree = "<group>"; };
/* End PBXFileReference section */

/* Begin PBXFrameworksBuildPhase section */
		8700717D20E76A1300DE90AE /* Frameworks */ = {
			isa = PBXFrameworksBuildPhase;
			buildActionMask = 2147483647;
			files = (
			);
			runOnlyForDeploymentPostprocessing = 0;
		};
/* End PBXFrameworksBuildPhase section */

/* Begin PBXGroup section */
		8700717720E76A1300DE90AE = {
			isa = PBXGroup;
			children = (
				8700718220E76A1300DE90AE /* TableView-NoData-Test2 */,
				8700718120E76A1300DE90AE /* Products */,
			);
			sourceTree = "<group>";
		};
		8700718120E76A1300DE90AE /* Products */ = {
			isa = PBXGroup;
			children = (
				8700718020E76A1300DE90AE /* TableView-NoData-Test2.app */,
			);
			name = Products;
			sourceTree = "<group>";
		};
		8700718220E76A1300DE90AE /* TableView-NoData-Test2 */ = {
			isa = PBXGroup;
			children = (
				8700718320E76A1300DE90AE /* AppDelegate.swift */,
				8700718520E76A1300DE90AE /* DetailViewController.swift */,
				8700719520E76A2900DE90AE /* TableViewController.swift */,
				8700718720E76A1300DE90AE /* Main.storyboard */,
				8700718A20E76A1300DE90AE /* Assets.xcassets */,
				8700718C20E76A1300DE90AE /* LaunchScreen.storyboard */,
				8700718F20E76A1300DE90AE /* Info.plist */,
			);
			path = "TableView-NoData-Test2";
			sourceTree = "<group>";
		};
/* End PBXGroup section */

/* Begin PBXNativeTarget section */
		8700717F20E76A1300DE90AE /* TableView-NoData-Test2 */ = {
			isa = PBXNativeTarget;
			buildConfigurationList = 8700719220E76A1300DE90AE /* Build configuration list for PBXNativeTarget "TableView-NoData-Test2" */;
			buildPhases = (
				8700717C20E76A1300DE90AE /* Sources */,
				8700717D20E76A1300DE90AE /* Frameworks */,
				8700717E20E76A1300DE90AE /* Resources */,
			);
			buildRules = (
			);
			dependencies = (
			);
			name = "TableView-NoData-Test2";
			productName = "TableView-NoData-Test2";
			productReference = 8700718020E76A1300DE90AE /* TableView-NoData-Test2.app */;
			productType = "com.apple.product-type.application";
		};
/* End PBXNativeTarget section */

/* Begin PBXProject section */
		8700717820E76A1300DE90AE /* Project object */ = {
			isa = PBXProject;
			attributes = {
				LastSwiftUpdateCheck = 0920;
				LastUpgradeCheck = 0920;
				ORGANIZATIONNAME = TrungCatun;
				TargetAttributes = {
					8700717F20E76A1300DE90AE = {
						CreatedOnToolsVersion = 9.2;
						ProvisioningStyle = Automatic;
					};
				};
			};
			buildConfigurationList = 8700717B20E76A1300DE90AE /* Build configuration list for PBXProject "TableView-NoData-Test2" */;
			compatibilityVersion = "Xcode 8.0";
			developmentRegion = en;
			hasScannedForEncodings = 0;
			knownRegions = (
				en,
				Base,
			);
			mainGroup = 8700717720E76A1300DE90AE;
			productRefGroup = 8700718120E76A1300DE90AE /* Products */;
			projectDirPath = "";
			projectRoot = "";
			targets = (
				8700717F20E76A1300DE90AE /* TableView-NoData-Test2 */,
			);
		};
/* End PBXProject section */

/* Begin PBXResourcesBuildPhase section */
		8700717E20E76A1300DE90AE /* Resources */ = {
			isa = PBXResourcesBuildPhase;
			buildActionMask = 2147483647;
			files = (
				8700718E20E76A1300DE90AE /* LaunchScreen.storyboard in Resources */,
				8700718B20E76A1300DE90AE /* Assets.xcassets in Resources */,
				8700718920E76A1300DE90AE /* Main.storyboard in Resources */,
			);
			runOnlyForDeploymentPostprocessing = 0;
		};
/* End PBXResourcesBuildPhase section */

/* Begin PBXSourcesBuildPhase section */
		8700717C20E76A1300DE90AE /* Sources */ = {
			isa = PBXSourcesBuildPhase;
			buildActionMask = 2147483647;
			files = (
				8700718620E76A1300DE90AE /* DetailViewController.swift in Sources */,
				8700719620E76A2900DE90AE /* TableViewController.swift in Sources */,
				8700718420E76A1300DE90AE /* AppDelegate.swift in Sources */,
			);
			runOnlyForDeploymentPostprocessing = 0;
		};
/* End PBXSourcesBuildPhase section */

/* Begin PBXVariantGroup section */
		8700718720E76A1300DE90AE /* Main.storyboard */ = {
			isa = PBXVariantGroup;
			children = (
				8700718820E76A1300DE90AE /* Base */,
			);
			name = Main.storyboard;
			sourceTree = "<group>";
		};
		8700718C20E76A1300DE90AE /* LaunchScreen.storyboard */ = {
			isa = PBXVariantGroup;
			children = (
				8700718D20E76A1300DE90AE /* Base */,
			);
			name = LaunchScreen.storyboard;
			sourceTree = "<group>";
		};
/* End PBXVariantGroup section */

/* Begin XCBuildConfiguration section */
		8700719020E76A1300DE90AE /* Debug */ = {
			isa = XCBuildConfiguration;
			buildSettings = {
				ALWAYS_SEARCH_USER_PATHS = NO;
				CLANG_ANALYZER_NONNULL = YES;
				CLANG_ANALYZER_NUMBER_OBJECT_CONVERSION = YES_AGGRESSIVE;
				CLANG_CXX_LANGUAGE_STANDARD = "gnu++14";
				CLANG_CXX_LIBRARY = "libc++";
				CLANG_ENABLE_MODULES = YES;
				CLANG_ENABLE_OBJC_ARC = YES;
				CLANG_WARN_BLOCK_CAPTURE_AUTORELEASING = YES;
				CLANG_WARN_BOOL_CONVERSION = YES;
				CLANG_WARN_COMMA = YES;
				CLANG_WARN_CONSTANT_CONVERSION = YES;
				CLANG_WARN_DIRECT_OBJC_ISA_USAGE = YES_ERROR;
				CLANG_WARN_DOCUMENTATION_COMMENTS = YES;
				CLANG_WARN_EMPTY_BODY = YES;
				CLANG_WARN_ENUM_CONVERSION = YES;
				CLANG_WARN_INFINITE_RECURSION = YES;
				CLANG_WARN_INT_CONVERSION = YES;
				CLANG_WARN_NON_LITERAL_NULL_CONVERSION = YES;
				CLANG_WARN_OBJC_LITERAL_CONVERSION = YES;
				CLANG_WARN_OBJC_ROOT_CLASS = YES_ERROR;
				CLANG_WARN_RANGE_LOOP_ANALYSIS = YES;
				CLANG_WARN_STRICT_PROTOTYPES = YES;
				CLANG_WARN_SUSPICIOUS_MOVE = YES;
				CLANG_WARN_UNGUARDED_AVAILABILITY = YES_AGGRESSIVE;
				CLANG_WARN_UNREACHABLE_CODE = YES;
				CLANG_WARN__DUPLICATE_METHOD_MATCH = YES;
				CODE_SIGN_IDENTITY = "iPhone Developer";
				COPY_PHASE_STRIP = NO;
				DEBUG_INFORMATION_FORMAT = dwarf;
				ENABLE_STRICT_OBJC_MSGSEND = YES;
				ENABLE_TESTABILITY = YES;
				GCC_C_LANGUAGE_STANDARD = gnu11;
				GCC_DYNAMIC_NO_PIC = NO;
				GCC_NO_COMMON_BLOCKS = YES;
				GCC_OPTIMIZATION_LEVEL = 0;
				GCC_PREPROCESSOR_DEFINITIONS = (
					"DEBUG=1",
					"$(inherited)",
				);
				GCC_WARN_64_TO_32_BIT_CONVERSION = YES;
				GCC_WARN_ABOUT_RETURN_TYPE = YES_ERROR;
				GCC_WARN_UNDECLARED_SELECTOR = YES;
				GCC_WARN_UNINITIALIZED_AUTOS = YES_AGGRESSIVE;
				GCC_WARN_UNUSED_FUNCTION = YES;
				GCC_WARN_UNUSED_VARIABLE = YES;
				IPHONEOS_DEPLOYMENT_TARGET = 11.2;
				MTL_ENABLE_DEBUG_INFO = YES;
				ONLY_ACTIVE_ARCH = YES;
				SDKROOT = iphoneos;
				SWIFT_ACTIVE_COMPILATION_CONDITIONS = DEBUG;
				SWIFT_OPTIMIZATION_LEVEL = "-Onone";
			};
			name = Debug;
		};
		8700719120E76A1300DE90AE /* Release */ = {
			isa = XCBuildConfiguration;
			buildSettings = {
				ALWAYS_SEARCH_USER_PATHS = NO;
				CLANG_ANALYZER_NONNULL = YES;
				CLANG_ANALYZER_NUMBER_OBJECT_CONVERSION = YES_AGGRESSIVE;
				CLANG_CXX_LANGUAGE_STANDARD = "gnu++14";
				CLANG_CXX_LIBRARY = "libc++";
				CLANG_ENABLE_MODULES = YES;
				CLANG_ENABLE_OBJC_ARC = YES;
				CLANG_WARN_BLOCK_CAPTURE_AUTORELEASING = YES;
				CLANG_WARN_BOOL_CONVERSION = YES;
				CLANG_WARN_COMMA = YES;
				CLANG_WARN_CONSTANT_CONVERSION = YES;
				CLANG_WARN_DIRECT_OBJC_ISA_USAGE = YES_ERROR;
				CLANG_WARN_DOCUMENTATION_COMMENTS = YES;
				CLANG_WARN_EMPTY_BODY = YES;
				CLANG_WARN_ENUM_CONVERSION = YES;
				CLANG_WARN_INFINITE_RECURSION = YES;
				CLANG_WARN_INT_CONVERSION = YES;
				CLANG_WARN_NON_LITERAL_NULL_CONVERSION = YES;
				CLANG_WARN_OBJC_LITERAL_CONVERSION = YES;
				CLANG_WARN_OBJC_ROOT_CLASS = YES_ERROR;
				CLANG_WARN_RANGE_LOOP_ANALYSIS = YES;
				CLANG_WARN_STRICT_PROTOTYPES = YES;
				CLANG_WARN_SUSPICIOUS_MOVE = YES;
				CLANG_WARN_UNGUARDED_AVAILABILITY = YES_AGGRESSIVE;
				CLANG_WARN_UNREACHABLE_CODE = YES;
				CLANG_WARN__DUPLICATE_METHOD_MATCH = YES;
				CODE_SIGN_IDENTITY = "iPhone Developer";
				COPY_PHASE_STRIP = NO;
				DEBUG_INFORMATION_FORMAT = "dwarf-with-dsym";
				ENABLE_NS_ASSERTIONS = NO;
				ENABLE_STRICT_OBJC_MSGSEND = YES;
				GCC_C_LANGUAGE_STANDARD = gnu11;
				GCC_NO_COMMON_BLOCKS = YES;
				GCC_WARN_64_TO_32_BIT_CONVERSION = YES;
				GCC_WARN_ABOUT_RETURN_TYPE = YES_ERROR;
				GCC_WARN_UNDECLARED_SELECTOR = YES;
				GCC_WARN_UNINITIALIZED_AUTOS = YES_AGGRESSIVE;
				GCC_WARN_UNUSED_FUNCTION = YES;
				GCC_WARN_UNUSED_VARIABLE = YES;
				IPHONEOS_DEPLOYMENT_TARGET = 11.2;
				MTL_ENABLE_DEBUG_INFO = NO;
				SDKROOT = iphoneos;
				SWIFT_OPTIMIZATION_LEVEL = "-Owholemodule";
				VALIDATE_PRODUCT = YES;
			};
			name = Release;
		};
		8700719320E76A1300DE90AE /* Debug */ = {
			isa = XCBuildConfiguration;
			buildSettings = {
				ASSETCATALOG_COMPILER_APPICON_NAME = AppIcon;
				CODE_SIGN_STYLE = Automatic;
				INFOPLIST_FILE = "TableView-NoData-Test2/Info.plist";
				LD_RUNPATH_SEARCH_PATHS = "$(inherited) @executable_path/Frameworks";
				PRODUCT_BUNDLE_IDENTIFIER = "TrungCatun.TableView-NoData-Test2";
				PRODUCT_NAME = "$(TARGET_NAME)";
				SWIFT_VERSION = 4.0;
				TARGETED_DEVICE_FAMILY = "1,2";
			};
			name = Debug;
		};
		8700719420E76A1300DE90AE /* Release */ = {
			isa = XCBuildConfiguration;
			buildSettings = {
				ASSETCATALOG_COMPILER_APPICON_NAME = AppIcon;
				CODE_SIGN_STYLE = Automatic;
				INFOPLIST_FILE = "TableView-NoData-Test2/Info.plist";
				LD_RUNPATH_SEARCH_PATHS = "$(inherited) @executable_path/Frameworks";
				PRODUCT_BUNDLE_IDENTIFIER = "TrungCatun.TableView-NoData-Test2";
				PRODUCT_NAME = "$(TARGET_NAME)";
				SWIFT_VERSION = 4.0;
				TARGETED_DEVICE_FAMILY = "1,2";
			};
			name = Release;
		};
/* End XCBuildConfiguration section */

/* Begin XCConfigurationList section */
		8700717B20E76A1300DE90AE /* Build configuration list for PBXProject "TableView-NoData-Test2" */ = {
			isa = XCConfigurationList;
			buildConfigurations = (
				8700719020E76A1300DE90AE /* Debug */,
				8700719120E76A1300DE90AE /* Release */,
			);
			defaultConfigurationIsVisible = 0;
			defaultConfigurationName = Release;
		};
		8700719220E76A1300DE90AE /* Build configuration list for PBXNativeTarget "TableView-NoData-Test2" */ = {
			isa = XCConfigurationList;
			buildConfigurations = (
				8700719320E76A1300DE90AE /* Debug */,
				8700719420E76A1300DE90AE /* Release */,
			);
			defaultConfigurationIsVisible = 0;
			defaultConfigurationName = Release;
		};
/* End XCConfigurationList section */
	};
	rootObject = 8700717820E76A1300DE90AE /* Project object */;
}
